
Microsoft Visual Studio Solution File, Format Version 12.00
Project("{FAE04EC0-301F-11D3-BF4B-00C04F79EFBC}") = "Task1", "Task1\Task1.csproj", "{E60BFC66-8CDB-4DF2-A1D4-2088FFB11A72}"
EndProject
Project("{FAE04EC0-301F-11D3-BF4B-00C04F79EFBC}") = "Task2", "Task2\Task2.csproj", "{D59042A8-D1A3-490C-A4EC-A4CE5DA13522}"
EndProject
Project("{FAE04EC0-301F-11D3-BF4B-00C04F79EFBC}") = "Task3", "Task3\Task3.csproj", "{DC836F33-0DAA-4966-A79E-C30BCFB53B4B}"
EndProject
Project("{FAE04EC0-301F-11D3-BF4B-00C04F79EFBC}") = "Task4", "Task4\Task4.csproj", "{F39CDD03-3907-4457-B8CD-17C16E586DDE}"
EndProject
Project("{FAE04EC0-301F-11D3-BF4B-00C04F79EFBC}") = "Task5", "Task5\Task5.csproj", "{7F9F9232-B1C8-4468-89D7-E4863186D2C2}"
EndProject
Global
	GlobalSection(SolutionConfigurationPlatforms) = preSolution
		Debug|Any CPU = Debug|Any CPU
		Release|Any CPU = Release|Any CPU
	EndGlobalSection
	GlobalSection(ProjectConfigurationPlatforms) = postSolution
		{E60BFC66-8CDB-4DF2-A1D4-2088FFB11A72}.Debug|Any CPU.ActiveCfg = Debug|Any CPU
		{E60BFC66-8CDB-4DF2-A1D4-2088FFB11A72}.Debug|Any CPU.Build.0 = Debug|Any CPU
		{E60BFC66-8CDB-4DF2-A1D4-2088FFB11A72}.Release|Any CPU.ActiveCfg = Release|Any CPU
		{E60BFC66-8CDB-4DF2-A1D4-2088FFB11A72}.Release|Any CPU.Build.0 = Release|Any CPU
		{D59042A8-D1A3-490C-A4EC-A4CE5DA13522}.Debug|Any CPU.ActiveCfg = Debug|Any CPU
		{D59042A8-D1A3-490C-A4EC-A4CE5DA13522}.Debug|Any CPU.Build.0 = Debug|Any CPU
		{D59042A8-D1A3-490C-A4EC-A4CE5DA13522}.Release|Any CPU.ActiveCfg = Release|Any CPU
		{D59042A8-D1A3-490C-A4EC-A4CE5DA13522}.Release|Any CPU.Build.0 = Release|Any CPU
		{DC836F33-0DAA-4966-A79E-C30BCFB53B4B}.Debug|Any CPU.ActiveCfg = Debug|Any CPU
		{DC836F33-0DAA-4966-A79E-C30BCFB53B4B}.Debug|Any CPU.Build.0 = Debug|Any CPU
		{DC836F33-0DAA-4966-A79E-C30BCFB53B4B}.Release|Any CPU.ActiveCfg = Release|Any CPU
		{DC836F33-0DAA-4966-A79E-C30BCFB53B4B}.Release|Any CPU.Build.0 = Release|Any CPU
		{F39CDD03-3907-4457-B8CD-17C16E586DDE}.Debug|Any CPU.ActiveCfg = Debug|Any CPU
		{F39CDD03-3907-4457-B8CD-17C16E586DDE}.Debug|Any CPU.Build.0 = Debug|Any CPU
		{F39CDD03-3907-4457-B8CD-17C16E586DDE}.Release|Any CPU.ActiveCfg = Release|Any CPU
		{F39CDD03-3907-4457-B8CD-17C16E586DDE}.Release|Any CPU.Build.0 = Release|Any CPU
		{7F9F9232-B1C8-4468-89D7-E4863186D2C2}.Debug|Any CPU.ActiveCfg = Debug|Any CPU
		{7F9F9232-B1C8-4468-89D7-E4863186D2C2}.Debug|Any CPU.Build.0 = Debug|Any CPU
		{7F9F9232-B1C8-4468-89D7-E4863186D2C2}.Release|Any CPU.ActiveCfg = Release|Any CPU
		{7F9F9232-B1C8-4468-89D7-E4863186D2C2}.Release|Any CPU.Build.0 = Release|Any CPU
	EndGlobalSection
EndGlobal
